PODS:
  - Alamofire (4.9.1)
  - AlamofireImage (3.6.0):
    - Alamofire (~> 4.9)
  - FisherExtensions (0.0.1):
    - Kingfisher (~> 5.0)
  - Kingfisher (5.10.1):
    - Kingfisher/Core (= 5.10.1)
  - Kingfisher/Core (5.10.1)
  - MVICocoa (0.0.1):
    - Alamofire
    - AlamofireImage
    - RxCocoa
    - RxSwift
    - Swinject (~> 2.6.2)
  - Persist (0.0.1):
    - RxSwift (~> 5.0)
  - RxCocoa (5.0.1):
    - RxRelay (~> 5)
    - RxSwift (~> 5)
  - RxRelay (5.0.1):
    - RxSwift (~> 5)
  - RxSwift (5.0.1)
  - Swinject (2.6.2)
  - SwinjectStoryboard (2.2.0):
    - Swinject (~> 2.6)

DEPENDENCIES:
  - FisherExtensions (from `https://github.com/droideveloper/KingfisherExtensions.git`, branch `master`)
  - Kingfisher (~> 5.0)
  - MVICocoa (from `https://github.com/droideveloper/MVICocoa.git`, branch `release/1.1.1`)
  - Persist (from `https://github.com/droideveloper/Persist.git`, branch `master`)
  - SwinjectStoryboard (~> 2.2.0)

SPEC REPOS:
  https://github.com/cocoapods/specs.git:
    - Alamofire
    - AlamofireImage
    - Kingfisher
    - RxCocoa
    - RxRelay
    - RxSwift
    - Swinject
    - SwinjectStoryboard

EXTERNAL SOURCES:
  FisherExtensions:
    :branch: master
    :git: https://github.com/droideveloper/KingfisherExtensions.git
  MVICocoa:
    :branch: release/1.1.1
    :git: https://github.com/droideveloper/MVICocoa.git
  Persist:
    :branch: master
    :git: https://github.com/droideveloper/Persist.git

CHECKOUT OPTIONS:
  FisherExtensions:
    :commit: 3c9f96441419fc2fb07e4aa26e60e6ddd8b38fd8
    :git: https://github.com/droideveloper/KingfisherExtensions.git
  MVICocoa:
    :commit: 691a22d858cd43b90bd9e5899e85f733627719ff
    :git: https://github.com/droideveloper/MVICocoa.git
  Persist:
    :commit: dd38009b708457418a06a1448ff154e00ab78314
    :git: https://github.com/droideveloper/Persist.git

SPEC CHECKSUMS:
  Alamofire: 85e8a02c69d6020a0d734f6054870d7ecb75cf18
  AlamofireImage: be9963c6582d68b39e89191f64c82a7d7bf40fdd
  FisherExtensions: 70233263ee33d10c6bc9a9ee5a50171765086d99
  Kingfisher: eb36b7dfcc78d60877051c92c119a2865972961a
  MVICocoa: b664e47ffb9b6b15f12172fe75333469fe865ae4
  Persist: a4953b9c4e82d27d7afe3f3a4bec8f291ca08a08
  RxCocoa: e741b9749968e8a143e2b787f1dfbff2b63d0a5c
  RxRelay: 89d54507f4fd4d969e6ec1d4bd7f3673640b4640
  RxSwift: e2dc62b366a3adf6a0be44ba9f405efd4c94e0c4
  Swinject: cf7458774b1b00323080a9c67e47a1ee7f9d2af1
  SwinjectStoryboard: 32512ef16c2b0ff5b8f823b23539c4a50f6d3383

PODFILE CHECKSUM: de4c44c827de93ed3d6a8fe21f9b60ed26604629

COCOAPODS: 1.7.1
